
Microsoft Visual Studio Solution File, Format Version 12.00
# Visual Studio 15
VisualStudioVersion = 15.0.27130.2027
MinimumVisualStudioVersion = 10.0.40219.1
Project("{FAE04EC0-301F-11D3-BF4B-00C04F79EFBC}") = "StrategyPlanner", "StrategyPlanner.csproj", "{7AA7315A-9DEC-473A-93A2-A8485F3C57E4}"
EndProject
Global
	GlobalSection(SolutionConfigurationPlatforms) = preSolution
		Debug|Any CPU = Debug|Any CPU
		Release|Any CPU = Release|Any CPU
	EndGlobalSection
	GlobalSection(ProjectConfigurationPlatforms) = postSolution
		{7AA7315A-9DEC-473A-93A2-A8485F3C57E4}.Debug|Any CPU.ActiveCfg = Debug|Any CPU
		{7AA7315A-9DEC-473A-93A2-A8485F3C57E4}.Debug|Any CPU.Build.0 = Debug|Any CPU
		{7AA7315A-9DEC-473A-93A2-A8485F3C57E4}.Release|Any CPU.ActiveCfg = Release|Any CPU
		{7AA7315A-9DEC-473A-93A2-A8485F3C57E4}.Release|Any CPU.Build.0 = Release|Any CPU
	EndGlobalSection
	GlobalSection(SolutionProperties) = preSolution
		HideSolutionNode = FALSE
	EndGlobalSection
	GlobalSection(ExtensibilityGlobals) = postSolution
		SolutionGuid = {3AED8ACF-B778-4CC4-88AA-D30A3AE4DB6F}
	EndGlobalSection
EndGlobal
